
Microsoft Visual Studio Solution File, Format Version 12.00
# Visual Studio Version 17
VisualStudioVersion = 17.7.34009.444
MinimumVisualStudioVersion = 10.0.40219.1
Project("{9A19103F-16F7-4668-BE54-9A1E7A4F7556}") = "MarketMaker", "MarketMakerAPI\MarketMaker.csproj", "{97B5E0F4-A509-402F-A0AE-0597D8517576}"
EndProject
Project("{FAE04EC0-301F-11D3-BF4B-00C04F79EFBC}") = "MarketMaker.UnitTests", "MarketMaker.UnitTests\MarketMaker.UnitTests.csproj", "{E43A70BB-5327-4C71-9A55-604FE59414D3}"
EndProject
Global
	GlobalSection(SolutionConfigurationPlatforms) = preSolution
		Debug|Any CPU = Debug|Any U
		Release|Any CPU = Release|Any CPU
	EndGlobalSection
	GlobalSection(ProjectConfigurationPlatforms) = postSolution
		{97B5E0F4-A509-402F-A0AE-0597D8517576}.Debug|Any CPU.ActiveCfg = Debug|Any CPU
		{97B5E0F4-A509-402F-A0AE-0597D8517576}.Debug|Any CPU.Build.0 = Debug|Any CPU
		{97B5E0F4-A509-402F-A0AE-0597D8517576}.Release|Any CPU.ActiveCfg = Release|Any CPU
		{97B5E0F4-A509-402F-A0AE-0597D8517576}.Release|Any CPU.Build.0 = Release|Any CPU
		{E43A70BB-5327-4C71-9A55-604FE59414D3}.Debug|Any CPU.ActiveCfg = Debug|Any CPU
		{E43A70BB-5327-4C71-9A55-604FE59414D3}.Debug|Any CPU.Build.0 = Debug|Any CPU
		{E43A70BB-5327-4C71-9A55-604FE59414D3}.Release|Any CPU.ActiveCfg = Release|Any CPU
		{E43A70BB-5327-4C71-9A55-604FE59414D3}.Release|Any CPU.Build.0 = Release|Any CPU
	EndGlobalSection
	GlobalSection(SolutionProperties) = preSolution
		HideSolutionNode = FALSE
	EndGlobalSection
	GlobalSection(ExtensibilityGlobals) = postSolution
		SolutionGuid = {8BC1AF62-2E70-46B8-AAB5-2553BF7094D4}
	EndGlobalSection
EndGlobal
